
Microsoft Visual Studio Solution File, Format Version 12.00
# Visual Studio 15
VisualStudioVersion = 15.0.28010.2026
MinimumVisualStudioVersion = 10.0.40219.1
Project("{FAE04EC0-301F-11D3-BF4B-00C04F79EFBC}") = "Graphs I and II", "Graphs I and II\Graphs I and II.csproj", "{DF9335B8-F9FD-4EA2-97D4-93CA4F459F1D}"
EndProject
Global
	GlobalSection(SolutionConfigurationPlatforms) = preSolution
		Debug|Any CPU = Debug|Any CPU
		Release|Any CPU = Release|Any CPU
	EndGlobalSection
	GlobalSection(ProjectConfigurationPlatforms) = postSolution
		{DF9335B8-F9FD-4EA2-97D4-93CA4F459F1D}.Debug|Any CPU.ActiveCfg = Debug|Any CPU
		{DF9335B8-F9FD-4EA2-97D4-93CA4F459F1D}.Debug|Any CPU.Build.0 = Debug|Any CPU
		{DF9335B8-F9FD-4EA2-97D4-93CA4F459F1D}.Release|Any CPU.ActiveCfg = Release|Any CPU
		{DF9335B8-F9FD-4EA2-97D4-93CA4F459F1D}.Release|Any CPU.Build.0 = Release|Any CPU
	EndGlobalSection
	GlobalSection(SolutionProperties) = preSolution
		HideSolutionNode = FALSE
	EndGlobalSection
	GlobalSection(ExtensibilityGlobals) = postSolution
		SolutionGuid = {650DC9EF-95A5-4BB7-88BA-070941AB5B22}
	EndGlobalSection
EndGlobal
