
Microsoft Visual Studio Solution File, Format Version 12.00
# Visual Studio 15
VisualStudioVersion = 15.0.28010.2026
MinimumVisualStudioVersion = 10.0.40219.1
Project("{FAE04EC0-301F-11D3-BF4B-00C04F79EFBC}") = "BinaryTree", "BinaryTree\BinaryTree.csproj", "{66A60150-D3F0-46E1-A518-058545136938}"
EndProject
Global
	GlobalSection(SolutionConfigurationPlatforms) = preSolution
		Debug|Any CPU = Debug|Any CPU
		Release|Any CPU = Release|Any CPU
	EndGlobalSection
	GlobalSection(ProjectConfigurationPlatforms) = postSolution
		{66A60150-D3F0-46E1-A518-058545136938}.Debug|Any CPU.ActiveCfg = Debug|Any CPU
		{66A60150-D3F0-46E1-A518-058545136938}.Debug|Any CPU.Build.0 = Debug|Any CPU
		{66A60150-D3F0-46E1-A518-058545136938}.Release|Any CPU.ActiveCfg = Release|Any CPU
		{66A60150-D3F0-46E1-A518-058545136938}.Release|Any CPU.Build.0 = Release|Any CPU
	EndGlobalSection
	GlobalSection(SolutionProperties) = preSolution
		HideSolutionNode = FALSE
	EndGlobalSection
	GlobalSection(ExtensibilityGlobals) = postSolution
		SolutionGuid = {DD61AAA4-97A9-44E8-9D60-76F52EFA64A0}
	EndGlobalSection
EndGlobal
